
Microsoft Visual Studio Solution File, Format Version 11.00
# Visual Studio 2010
Project("{8BC9CEB8-8B4A-11D0-8D11-00A0C91BC942}") = "buildCppUnit", "buildCppUnit\buildCppUnit.vcxproj", "{A976BA05-7073-4371-A4A3-4C20BBFB1A24}"
EndProject
Global
	GlobalSection(SolutionConfigurationPlatforms) = preSolution
		Debug|Win32 = Debug|Win32
		Release|Win32 = Release|Win32
	EndGlobalSection
	GlobalSection(ProjectConfigurationPlatforms) = postSolution
		{A976BA05-7073-4371-A4A3-4C20BBFB1A24}.Debug|Win32.ActiveCfg = Debug|Win32
		{A976BA05-7073-4371-A4A3-4C20BBFB1A24}.Debug|Win32.Build.0 = Debug|Win32
		{A976BA05-7073-4371-A4A3-4C20BBFB1A24}.Release|Win32.ActiveCfg = Release|Win32
		{A976BA05-7073-4371-A4A3-4C20BBFB1A24}.Release|Win32.Build.0 = Release|Win32
	EndGlobalSection
	GlobalSection(SolutionProperties) = preSolution
		HideSolutionNode = FALSE
	EndGlobalSection
EndGlobal
